// !$*UTF8*$!
{
	archiveVersion = 1;
	classes = {
	};
	objectVersion = 46;
	objects = {

/* Begin PBXBuildFile section */
		7D07B2D3199EB2EE0084611B /* sample.json in Resources */ = {isa = PBXBuildFile; fileRef = 7D07B2D2199EB2EE0084611B /* sample.json */; };
		7D1E364C19947B5900856119 /* Error.swift in Sources */ = {isa = PBXBuildFile; fileRef = 7D1E364519947B5900856119 /* Error.swift */; };
		7D1E364F19947B5900856119 /* Functional.swift in Sources */ = {isa = PBXBuildFile; fileRef = 7D1E364719947B5900856119 /* Functional.swift */; };
		7D1E365019947B5900856119 /* Functional.swift in Sources */ = {isa = PBXBuildFile; fileRef = 7D1E364719947B5900856119 /* Functional.swift */; };
		7D1E365319947B5900856119 /* JSON.h in Headers */ = {isa = PBXBuildFile; fileRef = 7D1E364919947B5900856119 /* JSON.h */; };
		7D1E365419947B5900856119 /* JSON.h in Headers */ = {isa = PBXBuildFile; fileRef = 7D1E364919947B5900856119 /* JSON.h */; settings = {ATTRIBUTES = (Public, ); }; };
		7D1E365619947B5900856119 /* JSValue.swift in Sources */ = {isa = PBXBuildFile; fileRef = 7D1E364A19947B5900856119 /* JSValue.swift */; };
		7D30EE2E1999EFF300F3AA17 /* JSValueTests.Equatable.swift in Sources */ = {isa = PBXBuildFile; fileRef = 7D30EE2D1999EFF300F3AA17 /* JSValueTests.Equatable.swift */; };
		7D30EE341999F82D00F3AA17 /* JSValue.Parsing.swift in Sources */ = {isa = PBXBuildFile; fileRef = 7D30EE2F1999F4E200F3AA17 /* JSValue.Parsing.swift */; };
		7D37F77419A28AFA0090D4B8 /* Error.swift in Sources */ = {isa = PBXBuildFile; fileRef = 7D1E364519947B5900856119 /* Error.swift */; };
		7D37F77E19A297430090D4B8 /* JSValue.swift in Sources */ = {isa = PBXBuildFile; fileRef = 7D1E364A19947B5900856119 /* JSValue.swift */; };
		7D37F77F19A297430090D4B8 /* JSValue.Accessors.swift in Sources */ = {isa = PBXBuildFile; fileRef = 7DCD0BEA19993630008DC49F /* JSValue.Accessors.swift */; };
		7D37F78119A297430090D4B8 /* JSValue.Encodings.swift in Sources */ = {isa = PBXBuildFile; fileRef = 7D560FAD1999577400270602 /* JSValue.Encodings.swift */; };
		7D37F78219A297430090D4B8 /* JSValue.ErrorHandling.swift in Sources */ = {isa = PBXBuildFile; fileRef = 7D859B18199963FD00879B9B /* JSValue.ErrorHandling.swift */; };
		7D37F78319A297430090D4B8 /* JSValue.Indexers.swift in Sources */ = {isa = PBXBuildFile; fileRef = 7DCD0BED199937AA008DC49F /* JSValue.Indexers.swift */; };
		7D37F78419A297430090D4B8 /* JSValue.Literals.swift in Sources */ = {isa = PBXBuildFile; fileRef = 7D560FB0199957E700270602 /* JSValue.Literals.swift */; };
		7D37F78519A297430090D4B8 /* JSValue.Parsing.swift in Sources */ = {isa = PBXBuildFile; fileRef = 7D30EE2F1999F4E200F3AA17 /* JSValue.Parsing.swift */; };
		7D560FAF1999577400270602 /* JSValue.Encodings.swift in Sources */ = {isa = PBXBuildFile; fileRef = 7D560FAD1999577400270602 /* JSValue.Encodings.swift */; };
		7D560FB2199957E700270602 /* JSValue.Literals.swift in Sources */ = {isa = PBXBuildFile; fileRef = 7D560FB0199957E700270602 /* JSValue.Literals.swift */; };
		7D560FB41999583200270602 /* JSValueTests.Usage.swift in Sources */ = {isa = PBXBuildFile; fileRef = 7D560FB31999583200270602 /* JSValueTests.Usage.swift */; };
		7D584C6519A7ED69005385A1 /* large-dict.json in Resources */ = {isa = PBXBuildFile; fileRef = 7D584C6219A7ED69005385A1 /* large-dict.json */; };
		7D584C6619A7ED69005385A1 /* medium-dict.json in Resources */ = {isa = PBXBuildFile; fileRef = 7D584C6319A7ED69005385A1 /* medium-dict.json */; };
		7D584C6719A7ED69005385A1 /* small-dict.json in Resources */ = {isa = PBXBuildFile; fileRef = 7D584C6419A7ED69005385A1 /* small-dict.json */; };
		7D70F3A8199DA516002BA827 /* JSValueTests.Indexers.swift in Sources */ = {isa = PBXBuildFile; fileRef = 7D02E651199D81A50060CEFE /* JSValueTests.Indexers.swift */; };
		7D773D5119A3AB6700D3948D /* ReplayableGenerator.swift in Sources */ = {isa = PBXBuildFile; fileRef = 7D773D5019A3AB6700D3948D /* ReplayableGenerator.swift */; };
		7D773D5219A3AB6700D3948D /* ReplayableGenerator.swift in Sources */ = {isa = PBXBuildFile; fileRef = 7D773D5019A3AB6700D3948D /* ReplayableGenerator.swift */; };
		7D7BD7CE195418CC00AC2E4E /* JSONLib.framework in Frameworks */ = {isa = PBXBuildFile; fileRef = 7D7BD7C2195418CB00AC2E4E /* JSONLib.framework */; };
		7D859B1A199963FD00879B9B /* JSValue.ErrorHandling.swift in Sources */ = {isa = PBXBuildFile; fileRef = 7D859B18199963FD00879B9B /* JSValue.ErrorHandling.swift */; };
		7D859B1B1999652900879B9B /* JSValueTests.Literals.swift in Sources */ = {isa = PBXBuildFile; fileRef = 7DCD0BE7199928BB008DC49F /* JSValueTests.Literals.swift */; };
		7D9E253419AFA2E40098C765 /* JSValueTests.Performance.swift in Sources */ = {isa = PBXBuildFile; fileRef = 7D0BED21199EB11A00D88D5E /* JSValueTests.Performance.swift */; };
		7DCD0BEC19993630008DC49F /* JSValue.Accessors.swift in Sources */ = {isa = PBXBuildFile; fileRef = 7DCD0BEA19993630008DC49F /* JSValue.Accessors.swift */; };
		7DCD0BEF199937AA008DC49F /* JSValue.Indexers.swift in Sources */ = {isa = PBXBuildFile; fileRef = 7DCD0BED199937AA008DC49F /* JSValue.Indexers.swift */; };
		D91481DC19CEDDC300B0A3FA /* JSValueTests.Equatable.swift in Sources */ = {isa = PBXBuildFile; fileRef = 7D30EE2D1999EFF300F3AA17 /* JSValueTests.Equatable.swift */; };
		D91481DE19CEDDE500B0A3FA /* JSValueTests.Usage.swift in Sources */ = {isa = PBXBuildFile; fileRef = 7D560FB31999583200270602 /* JSValueTests.Usage.swift */; };
		D91481DF19CEDDE500B0A3FA /* JSValueTests.Indexers.swift in Sources */ = {isa = PBXBuildFile; fileRef = 7D02E651199D81A50060CEFE /* JSValueTests.Indexers.swift */; };
		D91481E019CEDDEA00B0A3FA /* JSValueTests.Literals.swift in Sources */ = {isa = PBXBuildFile; fileRef = 7DCD0BE7199928BB008DC49F /* JSValueTests.Literals.swift */; };
		D91481E119CEDE2500B0A3FA /* small-dict.json in Resources */ = {isa = PBXBuildFile; fileRef = 7D584C6419A7ED69005385A1 /* small-dict.json */; };
		D91481E219CEDE2500B0A3FA /* medium-dict.json in Resources */ = {isa = PBXBuildFile; fileRef = 7D584C6319A7ED69005385A1 /* medium-dict.json */; };
		D91481E319CEDE2500B0A3FA /* large-dict.json in Resources */ = {isa = PBXBuildFile; fileRef = 7D584C6219A7ED69005385A1 /* large-dict.json */; };
		D91481E419CEDE2500B0A3FA /* sample.json in Resources */ = {isa = PBXBuildFile; fileRef = 7D07B2D2199EB2EE0084611B /* sample.json */; };
/* End PBXBuildFile section */

/* Begin PBXContainerItemProxy section */
		7D7BD7CF195418CC00AC2E4E /* PBXContainerItemProxy */ = {
			isa = PBXContainerItemProxy;
			containerPortal = 7D7BD7B9195418CB00AC2E4E /* Project object */;
			proxyType = 1;
			remoteGlobalIDString = 7D7BD7C1195418CB00AC2E4E;
			remoteInfo = JSON;
		};
		7DCA6F851955776800F3ABEA /* PBXContainerItemProxy */ = {
			isa = PBXContainerItemProxy;
			containerPortal = 7D7BD7B9195418CB00AC2E4E /* Project object */;
			proxyType = 1;
			remoteGlobalIDString = 7D7BD7C1195418CB00AC2E4E;
			remoteInfo = JSON;
		};
		7DCA6F871955776800F3ABEA /* PBXContainerItemProxy */ = {
			isa = PBXContainerItemProxy;
			containerPortal = 7D7BD7B9195418CB00AC2E4E /* Project object */;
			proxyType = 1;
			remoteGlobalIDString = 7D7BD7C1195418CB00AC2E4E;
			remoteInfo = JSON;
		};
		7DF93B341956C1D300CE18F7 /* PBXContainerItemProxy */ = {
			isa = PBXContainerItemProxy;
			containerPortal = 7D7BD7B9195418CB00AC2E4E /* Project object */;
			proxyType = 1;
			remoteGlobalIDString = 7D7BD7C1195418CB00AC2E4E;
			remoteInfo = JSON;
		};
		7DF93B361956C1D300CE18F7 /* PBXContainerItemProxy */ = {
			isa = PBXContainerItemProxy;
			containerPortal = 7D7BD7B9195418CB00AC2E4E /* Project object */;
			proxyType = 1;
			remoteGlobalIDString = 7D7BD7C1195418CB00AC2E4E;
			remoteInfo = JSON;
		};
/* End PBXContainerItemProxy section */

/* Begin PBXFileReference section */
		7D02E651199D81A50060CEFE /* JSValueTests.Indexers.swift */ = {isa = PBXFileReference; fileEncoding = 4; lastKnownFileType = sourcecode.swift; path = JSValueTests.Indexers.swift; sourceTree = "<group>"; };
		7D07B2D2199EB2EE0084611B /* sample.json */ = {isa = PBXFileReference; fileEncoding = 4; lastKnownFileType = text.json; path = sample.json; sourceTree = "<group>"; };
		7D0BED21199EB11A00D88D5E /* JSValueTests.Performance.swift */ = {isa = PBXFileReference; fileEncoding = 4; lastKnownFileType = sourcecode.swift; path = JSValueTests.Performance.swift; sourceTree = "<group>"; };
		7D1E362F199478A600856119 /* JSONLib.framework */ = {isa = PBXFileReference; explicitFileType = wrapper.framework; includeInIndex = 0; path = JSONLib.framework; sourceTree = BUILT_PRODUCTS_DIR; };
		7D1E3639199478A600856119 /* JSON-iOSTests.xctest */ = {isa = PBXFileReference; explicitFileType = wrapper.cfbundle; includeInIndex = 0; path = "JSON-iOSTests.xctest"; sourceTree = BUILT_PRODUCTS_DIR; };
		7D1E364519947B5900856119 /* Error.swift */ = {isa = PBXFileReference; fileEncoding = 4; lastKnownFileType = sourcecode.swift; path = Error.swift; sourceTree = "<group>"; };
		7D1E364719947B5900856119 /* Functional.swift */ = {isa = PBXFileReference; fileEncoding = 4; lastKnownFileType = sourcecode.swift; path = Functional.swift; sourceTree = "<group>"; };
		7D1E364919947B5900856119 /* JSON.h */ = {isa = PBXFileReference; fileEncoding = 4; lastKnownFileType = sourcecode.c.h; path = JSON.h; sourceTree = "<group>"; };
		7D1E364A19947B5900856119 /* JSValue.swift */ = {isa = PBXFileReference; fileEncoding = 4; lastKnownFileType = sourcecode.swift; path = JSValue.swift; sourceTree = "<group>"; };
		7D30EE2D1999EFF300F3AA17 /* JSValueTests.Equatable.swift */ = {isa = PBXFileReference; fileEncoding = 4; lastKnownFileType = sourcecode.swift; path = JSValueTests.Equatable.swift; sourceTree = "<group>"; };
		7D30EE2F1999F4E200F3AA17 /* JSValue.Parsing.swift */ = {isa = PBXFileReference; fileEncoding = 4; lastKnownFileType = sourcecode.swift; path = JSValue.Parsing.swift; sourceTree = "<group>"; };
		7D30EE311999F79B00F3AA17 /* JSValueTests.Parsing.swift */ = {isa = PBXFileReference; fileEncoding = 4; lastKnownFileType = sourcecode.swift; path = JSValueTests.Parsing.swift; sourceTree = "<group>"; };
		7D560FAD1999577400270602 /* JSValue.Encodings.swift */ = {isa = PBXFileReference; fileEncoding = 4; lastKnownFileType = sourcecode.swift; path = JSValue.Encodings.swift; sourceTree = "<group>"; };
		7D560FB0199957E700270602 /* JSValue.Literals.swift */ = {isa = PBXFileReference; fileEncoding = 4; lastKnownFileType = sourcecode.swift; path = JSValue.Literals.swift; sourceTree = "<group>"; };
		7D560FB31999583200270602 /* JSValueTests.Usage.swift */ = {isa = PBXFileReference; fileEncoding = 4; lastKnownFileType = sourcecode.swift; path = JSValueTests.Usage.swift; sourceTree = "<group>"; };
		7D584C6219A7ED69005385A1 /* large-dict.json */ = {isa = PBXFileReference; fileEncoding = 4; lastKnownFileType = text.json; path = "large-dict.json"; sourceTree = "<group>"; };
		7D584C6319A7ED69005385A1 /* medium-dict.json */ = {isa = PBXFileReference; fileEncoding = 4; lastKnownFileType = text.json; path = "medium-dict.json"; sourceTree = "<group>"; };
		7D584C6419A7ED69005385A1 /* small-dict.json */ = {isa = PBXFileReference; fileEncoding = 4; lastKnownFileType = text.json; path = "small-dict.json"; sourceTree = "<group>"; };
		7D773D5019A3AB6700D3948D /* ReplayableGenerator.swift */ = {isa = PBXFileReference; fileEncoding = 4; lastKnownFileType = sourcecode.swift; path = ReplayableGenerator.swift; sourceTree = "<group>"; };
		7D7BD7C2195418CB00AC2E4E /* JSONLib.framework */ = {isa = PBXFileReference; explicitFileType = wrapper.framework; includeInIndex = 0; path = JSONLib.framework; sourceTree = BUILT_PRODUCTS_DIR; };
		7D7BD7C6195418CB00AC2E4E /* Info.plist */ = {isa = PBXFileReference; lastKnownFileType = text.plist.xml; path = Info.plist; sourceTree = "<group>"; };
		7D7BD7CD195418CC00AC2E4E /* JSON-OSXTests.xctest */ = {isa = PBXFileReference; explicitFileType = wrapper.cfbundle; includeInIndex = 0; path = "JSON-OSXTests.xctest"; sourceTree = BUILT_PRODUCTS_DIR; };
		7D7BD7D3195418CC00AC2E4E /* Info.plist */ = {isa = PBXFileReference; lastKnownFileType = text.plist.xml; path = Info.plist; sourceTree = "<group>"; };
		7D859B18199963FD00879B9B /* JSValue.ErrorHandling.swift */ = {isa = PBXFileReference; fileEncoding = 4; lastKnownFileType = sourcecode.swift; path = JSValue.ErrorHandling.swift; sourceTree = "<group>"; };
		7DCD0BE7199928BB008DC49F /* JSValueTests.Literals.swift */ = {isa = PBXFileReference; fileEncoding = 4; lastKnownFileType = sourcecode.swift; path = JSValueTests.Literals.swift; sourceTree = "<group>"; };
		7DCD0BEA19993630008DC49F /* JSValue.Accessors.swift */ = {isa = PBXFileReference; fileEncoding = 4; lastKnownFileType = sourcecode.swift; path = JSValue.Accessors.swift; sourceTree = "<group>"; };
		7DCD0BED199937AA008DC49F /* JSValue.Indexers.swift */ = {isa = PBXFileReference; fileEncoding = 4; lastKnownFileType = sourcecode.swift; path = JSValue.Indexers.swift; sourceTree = "<group>"; };
/* End PBXFileReference section */

/* Begin PBXFrameworksBuildPhase section */
		7D1E362B199478A600856119 /* Frameworks */ = {
			isa = PBXFrameworksBuildPhase;
			buildActionMask = 2147483647;
			files = (
			);
			runOnlyForDeploymentPostprocessing = 0;
		};
		7D1E3636199478A600856119 /* Frameworks */ = {
			isa = PBXFrameworksBuildPhase;
			buildActionMask = 2147483647;
			files = (
			);
			runOnlyForDeploymentPostprocessing = 0;
		};
		7D7BD7BE195418CB00AC2E4E /* Frameworks */ = {
			isa = PBXFrameworksBuildPhase;
			buildActionMask = 2147483647;
			files = (
			);
			runOnlyForDeploymentPostprocessing = 0;
		};
		7D7BD7CA195418CC00AC2E4E /* Frameworks */ = {
			isa = PBXFrameworksBuildPhase;
			buildActionMask = 2147483647;
			files = (
				7D7BD7CE195418CC00AC2E4E /* JSONLib.framework in Frameworks */,
			);
			runOnlyForDeploymentPostprocessing = 0;
		};
/* End PBXFrameworksBuildPhase section */

/* Begin PBXGroup section */
		7D07B2D1199EB2DF0084611B /* Data */ = {
			isa = PBXGroup;
			children = (
				7D584C6419A7ED69005385A1 /* small-dict.json */,
				7D584C6319A7ED69005385A1 /* medium-dict.json */,
				7D584C6219A7ED69005385A1 /* large-dict.json */,
				7D07B2D2199EB2EE0084611B /* sample.json */,
			);
			path = Data;
			sourceTree = "<group>";
		};
		7D3B6F6919A46E11005EAA40 /* JSValue */ = {
			isa = PBXGroup;
			children = (
				7D1E364A19947B5900856119 /* JSValue.swift */,
				7DCD0BEA19993630008DC49F /* JSValue.Accessors.swift */,
				7D560FAD1999577400270602 /* JSValue.Encodings.swift */,
				7D859B18199963FD00879B9B /* JSValue.ErrorHandling.swift */,
				7DCD0BED199937AA008DC49F /* JSValue.Indexers.swift */,
				7D560FB0199957E700270602 /* JSValue.Literals.swift */,
				7D30EE2F1999F4E200F3AA17 /* JSValue.Parsing.swift */,
			);
			name = JSValue;
			sourceTree = "<group>";
		};
		7D7BD7B8195418CB00AC2E4E = {
			isa = PBXGroup;
			children = (
				7D7BD7C4195418CB00AC2E4E /* Source */,
				7D7BD7D1195418CC00AC2E4E /* Tests */,
				7D7BD7C3195418CB00AC2E4E /* Products */,
			);
			sourceTree = "<group>";
		};
		7D7BD7C3195418CB00AC2E4E /* Products */ = {
			isa = PBXGroup;
			children = (
				7D7BD7C2195418CB00AC2E4E /* JSONLib.framework */,
				7D7BD7CD195418CC00AC2E4E /* JSON-OSXTests.xctest */,
				7D1E362F199478A600856119 /* JSONLib.framework */,
				7D1E3639199478A600856119 /* JSON-iOSTests.xctest */,
			);
			name = Products;
			sourceTree = "<group>";
		};
		7D7BD7C4195418CB00AC2E4E /* Source */ = {
			isa = PBXGroup;
			children = (
				7D7BD7C5195418CB00AC2E4E /* Supporting Files */,
				7D3B6F6919A46E11005EAA40 /* JSValue */,
				7D1E364519947B5900856119 /* Error.swift */,
				7D1E364719947B5900856119 /* Functional.swift */,
				7D773D5019A3AB6700D3948D /* ReplayableGenerator.swift */,
			);
			name = Source;
			path = src;
			sourceTree = "<group>";
		};
		7D7BD7C5195418CB00AC2E4E /* Supporting Files */ = {
			isa = PBXGroup;
			children = (
				7D1E364919947B5900856119 /* JSON.h */,
				7D7BD7C6195418CB00AC2E4E /* Info.plist */,
			);
			name = "Supporting Files";
			sourceTree = "<group>";
		};
		7D7BD7D1195418CC00AC2E4E /* Tests */ = {
			isa = PBXGroup;
			children = (
				7D7BD7D2195418CC00AC2E4E /* Supporting Files */,
				7D07B2D1199EB2DF0084611B /* Data */,
				7D30EE2D1999EFF300F3AA17 /* JSValueTests.Equatable.swift */,
				7DCD0BE7199928BB008DC49F /* JSValueTests.Literals.swift */,
				7D30EE311999F79B00F3AA17 /* JSValueTests.Parsing.swift */,
				7D560FB31999583200270602 /* JSValueTests.Usage.swift */,
				7D02E651199D81A50060CEFE /* JSValueTests.Indexers.swift */,
				7D0BED21199EB11A00D88D5E /* JSValueTests.Performance.swift */,
			);
			name = Tests;
			path = tests;
			sourceTree = "<group>";
		};
		7D7BD7D2195418CC00AC2E4E /* Supporting Files */ = {
			isa = PBXGroup;
			children = (
				7D7BD7D3195418CC00AC2E4E /* Info.plist */,
			);
			name = "Supporting Files";
			sourceTree = "<group>";
		};
/* End PBXGroup section */

/* Begin PBXHeadersBuildPhase section */
		7D1E362C199478A600856119 /* Headers */ = {
			isa = PBXHeadersBuildPhase;
			buildActionMask = 2147483647;
			files = (
				7D1E365419947B5900856119 /* JSON.h in Headers */,
			);
			runOnlyForDeploymentPostprocessing = 0;
		};
		7D7BD7BF195418CB00AC2E4E /* Headers */ = {
			isa = PBXHeadersBuildPhase;
			buildActionMask = 2147483647;
			files = (
				7D1E365319947B5900856119 /* JSON.h in Headers */,
			);
			runOnlyForDeploymentPostprocessing = 0;
		};
/* End PBXHeadersBuildPhase section */

/* Begin PBXNativeTarget section */
		7D1E362E199478A600856119 /* JSON-iOS */ = {
			isa = PBXNativeTarget;
			buildConfigurationList = 7D1E3643199478A600856119 /* Build configuration list for PBXNativeTarget "JSON-iOS" */;
			buildPhases = (
				7D1E362A199478A600856119 /* Sources */,
				7D1E362B199478A600856119 /* Frameworks */,
				7D1E362C199478A600856119 /* Headers */,
				7D1E362D199478A600856119 /* Resources */,
			);
			buildRules = (
			);
			dependencies = (
			);
			name = "JSON-iOS";
			productName = "JSON-iOS";
			productReference = 7D1E362F199478A600856119 /* JSONLib.framework */;
			productType = "com.apple.product-type.framework";
		};
		7D1E3638199478A600856119 /* JSON-iOSTests */ = {
			isa = PBXNativeTarget;
			buildConfigurationList = 7D1E3644199478A600856119 /* Build configuration list for PBXNativeTarget "JSON-iOSTests" */;
			buildPhases = (
				7D1E3635199478A600856119 /* Sources */,
				7D1E3636199478A600856119 /* Frameworks */,
				7D1E3637199478A600856119 /* Resources */,
			);
			buildRules = (
			);
			dependencies = (
			);
			name = "JSON-iOSTests";
			productName = "JSON-iOSTests";
			productReference = 7D1E3639199478A600856119 /* JSON-iOSTests.xctest */;
			productType = "com.apple.product-type.bundle.unit-test";
		};
		7D7BD7C1195418CB00AC2E4E /* JSON-OSX */ = {
			isa = PBXNativeTarget;
			buildConfigurationList = 7D7BD7D8195418CC00AC2E4E /* Build configuration list for PBXNativeTarget "JSON-OSX" */;
			buildPhases = (
				7D7BD7BD195418CB00AC2E4E /* Sources */,
				7D7BD7BE195418CB00AC2E4E /* Frameworks */,
				7D7BD7BF195418CB00AC2E4E /* Headers */,
				7D7BD7C0195418CB00AC2E4E /* Resources */,
			);
			buildRules = (
			);
			dependencies = (
			);
			name = "JSON-OSX";
			productName = JSON;
			productReference = 7D7BD7C2195418CB00AC2E4E /* JSONLib.framework */;
			productType = "com.apple.product-type.framework";
		};
		7D7BD7CC195418CC00AC2E4E /* JSON-OSXTests */ = {
			isa = PBXNativeTarget;
			buildConfigurationList = 7D7BD7DB195418CC00AC2E4E /* Build configuration list for PBXNativeTarget "JSON-OSXTests" */;
			buildPhases = (
				7D7BD7C9195418CC00AC2E4E /* Sources */,
				7D7BD7CA195418CC00AC2E4E /* Frameworks */,
				7D7BD7CB195418CC00AC2E4E /* Resources */,
			);
			buildRules = (
			);
			dependencies = (
				7D7BD7D0195418CC00AC2E4E /* PBXTargetDependency */,
				7DCA6F861955776800F3ABEA /* PBXTargetDependency */,
				7DCA6F881955776800F3ABEA /* PBXTargetDependency */,
				7DF93B351956C1D300CE18F7 /* PBXTargetDependency */,
				7DF93B371956C1D300CE18F7 /* PBXTargetDependency */,
			);
			name = "JSON-OSXTests";
			productName = JSONTests;
			productReference = 7D7BD7CD195418CC00AC2E4E /* JSON-OSXTests.xctest */;
			productType = "com.apple.product-type.bundle.unit-test";
		};
/* End PBXNativeTarget section */

/* Begin PBXProject section */
		7D7BD7B9195418CB00AC2E4E /* Project object */ = {
			isa = PBXProject;
			attributes = {
				LastUpgradeCheck = 0600;
				ORGANIZATIONNAME = owensd.io;
				TargetAttributes = {
					7D1E362E199478A600856119 = {
						CreatedOnToolsVersion = 6.0;
					};
					7D1E3638199478A600856119 = {
						CreatedOnToolsVersion = 6.0;
					};
					7D7BD7C1195418CB00AC2E4E = {
						CreatedOnToolsVersion = 6.0;
					};
					7D7BD7CC195418CC00AC2E4E = {
						CreatedOnToolsVersion = 6.0;
						TestTargetID = 7D7BD7C1195418CB00AC2E4E;
					};
				};
			};
			buildConfigurationList = 7D7BD7BC195418CB00AC2E4E /* Build configuration list for PBXProject "JSON" */;
			compatibilityVersion = "Xcode 3.2";
			developmentRegion = English;
			hasScannedForEncodings = 0;
			knownRegions = (
				en,
			);
			mainGroup = 7D7BD7B8195418CB00AC2E4E;
			productRefGroup = 7D7BD7C3195418CB00AC2E4E /* Products */;
			projectDirPath = "";
			projectRoot = "";
			targets = (
				7D7BD7C1195418CB00AC2E4E /* JSON-OSX */,
				7D7BD7CC195418CC00AC2E4E /* JSON-OSXTests */,
				7D1E362E199478A600856119 /* JSON-iOS */,
				7D1E3638199478A600856119 /* JSON-iOSTests */,
			);
		};
/* End PBXProject section */

/* Begin PBXResourcesBuildPhase section */
		7D1E362D199478A600856119 /* Resources */ = {
			isa = PBXResourcesBuildPhase;
			buildActionMask = 2147483647;
			files = (
			);
			runOnlyForDeploymentPostprocessing = 0;
		};
		7D1E3637199478A600856119 /* Resources */ = {
			isa = PBXResourcesBuildPhase;
			buildActionMask = 2147483647;
			files = (
				D91481E219CEDE2500B0A3FA /* medium-dict.json in Resources */,
				D91481E419CEDE2500B0A3FA /* sample.json in Resources */,
				D91481E319CEDE2500B0A3FA /* large-dict.json in Resources */,
				D91481E119CEDE2500B0A3FA /* small-dict.json in Resources */,
			);
			runOnlyForDeploymentPostprocessing = 0;
		};
		7D7BD7C0195418CB00AC2E4E /* Resources */ = {
			isa = PBXResourcesBuildPhase;
			buildActionMask = 2147483647;
			files = (
			);
			runOnlyForDeploymentPostprocessing = 0;
		};
		7D7BD7CB195418CC00AC2E4E /* Resources */ = {
			isa = PBXResourcesBuildPhase;
			buildActionMask = 2147483647;
			files = (
				7D584C6619A7ED69005385A1 /* medium-dict.json in Resources */,
				7D584C6719A7ED69005385A1 /* small-dict.json in Resources */,
				7D07B2D3199EB2EE0084611B /* sample.json in Resources */,
				7D584C6519A7ED69005385A1 /* large-dict.json in Resources */,
			);
			runOnlyForDeploymentPostprocessing = 0;
		};
/* End PBXResourcesBuildPhase section */

/* Begin PBXSourcesBuildPhase section */
		7D1E362A199478A600856119 /* Sources */ = {
			isa = PBXSourcesBuildPhase;
			buildActionMask = 2147483647;
			files = (
				7DCD0BEF199937AA008DC49F /* JSValue.Indexers.swift in Sources */,
				7D1E365019947B5900856119 /* Functional.swift in Sources */,
				7D1E365619947B5900856119 /* JSValue.swift in Sources */,
				7D859B1A199963FD00879B9B /* JSValue.ErrorHandling.swift in Sources */,
				7D1E364C19947B5900856119 /* Error.swift in Sources */,
				7D560FAF1999577400270602 /* JSValue.Encodings.swift in Sources */,
				7D560FB2199957E700270602 /* JSValue.Literals.swift in Sources */,
				7DCD0BEC19993630008DC49F /* JSValue.Accessors.swift in Sources */,
				7D773D5219A3AB6700D3948D /* ReplayableGenerator.swift in Sources */,
				7D30EE341999F82D00F3AA17 /* JSValue.Parsing.swift in Sources */,
			);
			runOnlyForDeploymentPostprocessing = 0;
		};
		7D1E3635199478A600856119 /* Sources */ = {
			isa = PBXSourcesBuildPhase;
			buildActionMask = 2147483647;
			files = (
				D91481DC19CEDDC300B0A3FA /* JSValueTests.Equatable.swift in Sources */,
				D91481DE19CEDDE500B0A3FA /* JSValueTests.Usage.swift in Sources */,
				D91481E019CEDDEA00B0A3FA /* JSValueTests.Literals.swift in Sources */,
				D91481DF19CEDDE500B0A3FA /* JSValueTests.Indexers.swift in Sources */,
			);
			runOnlyForDeploymentPostprocessing = 0;
		};
		7D7BD7BD195418CB00AC2E4E /* Sources */ = {
			isa = PBXSourcesBuildPhase;
			buildActionMask = 2147483647;
			files = (
				7D37F77F19A297430090D4B8 /* JSValue.Accessors.swift in Sources */,
				7D37F78119A297430090D4B8 /* JSValue.Encodings.swift in Sources */,
				7D37F77419A28AFA0090D4B8 /* Error.swift in Sources */,
				7D37F78419A297430090D4B8 /* JSValue.Literals.swift in Sources */,
				7D37F78219A297430090D4B8 /* JSValue.ErrorHandling.swift in Sources */,
				7D37F77E19A297430090D4B8 /* JSValue.swift in Sources */,
				7D1E364F19947B5900856119 /* Functional.swift in Sources */,
				7D773D5119A3AB6700D3948D /* ReplayableGenerator.swift in Sources */,
				7D37F78319A297430090D4B8 /* JSValue.Indexers.swift in Sources */,
				7D37F78519A297430090D4B8 /* JSValue.Parsing.swift in Sources */,
			);
			runOnlyForDeploymentPostprocessing = 0;
		};
		7D7BD7C9195418CC00AC2E4E /* Sources */ = {
			isa = PBXSourcesBuildPhase;
			buildActionMask = 2147483647;
			files = (
				7D30EE2E1999EFF300F3AA17 /* JSValueTests.Equatable.swift in Sources */,
				7D560FB41999583200270602 /* JSValueTests.Usage.swift in Sources */,
				7D70F3A8199DA516002BA827 /* JSValueTests.Indexers.swift in Sources */,
				7D9E253419AFA2E40098C765 /* JSValueTests.Performance.swift in Sources */,
				7D859B1B1999652900879B9B /* JSValueTests.Literals.swift in Sources */,
			);
			runOnlyForDeploymentPostprocessing = 0;
		};
/* End PBXSourcesBuildPhase section */

/* Begin PBXTargetDependency section */
		7D7BD7D0195418CC00AC2E4E /* PBXTargetDependency */ = {
			isa = PBXTargetDependency;
			target = 7D7BD7C1195418CB00AC2E4E /* JSON-OSX */;
			targetProxy = 7D7BD7CF195418CC00AC2E4E /* PBXContainerItemProxy */;
		};
		7DCA6F861955776800F3ABEA /* PBXTargetDependency */ = {
			isa = PBXTargetDependency;
			target = 7D7BD7C1195418CB00AC2E4E /* JSON-OSX */;
			targetProxy = 7DCA6F851955776800F3ABEA /* PBXContainerItemProxy */;
		};
		7DCA6F881955776800F3ABEA /* PBXTargetDependency */ = {
			isa = PBXTargetDependency;
			target = 7D7BD7C1195418CB00AC2E4E /* JSON-OSX */;
			targetProxy = 7DCA6F871955776800F3ABEA /* PBXContainerItemProxy */;
		};
		7DF93B351956C1D300CE18F7 /* PBXTargetDependency */ = {
			isa = PBXTargetDependency;
			target = 7D7BD7C1195418CB00AC2E4E /* JSON-OSX */;
			targetProxy = 7DF93B341956C1D300CE18F7 /* PBXContainerItemProxy */;
		};
		7DF93B371956C1D300CE18F7 /* PBXTargetDependency */ = {
			isa = PBXTargetDependency;
			target = 7D7BD7C1195418CB00AC2E4E /* JSON-OSX */;
			targetProxy = 7DF93B361956C1D300CE18F7 /* PBXContainerItemProxy */;
		};
/* End PBXTargetDependency section */

/* Begin XCBuildConfiguration section */
		7D1E363F199478A600856119 /* Debug */ = {
			isa = XCBuildConfiguration;
			buildSettings = {
				CLANG_ENABLE_MODULES = YES;
				"CODE_SIGN_IDENTITY[sdk=iphoneos*]" = "iPhone Developer";
				DEFINES_MODULE = YES;
				DYLIB_COMPATIBILITY_VERSION = 1;
				DYLIB_CURRENT_VERSION = 1;
				DYLIB_INSTALL_NAME_BASE = "@rpath";
				GCC_PREPROCESSOR_DEFINITIONS = (
					"DEBUG=1",
					"$(inherited)",
				);
				INFOPLIST_FILE = src/Info.plist;
				INSTALL_PATH = "$(LOCAL_LIBRARY_DIR)/Frameworks";
				LD_RUNPATH_SEARCH_PATHS = "$(inherited) @executable_path/Frameworks @loader_path/Frameworks";
				MTL_ENABLE_DEBUG_INFO = YES;
				PRODUCT_MODULE_NAME = JSONLib;
				PRODUCT_NAME = JSONLib;
				SDKROOT = iphoneos;
				SKIP_INSTALL = YES;
				SWIFT_OPTIMIZATION_LEVEL = "-Onone";
				TARGETED_DEVICE_FAMILY = "1,2";
			};
			name = Debug;
		};
		7D1E3640199478A600856119 /* Release */ = {
			isa = XCBuildConfiguration;
			buildSettings = {
				CLANG_ENABLE_MODULES = YES;
				"CODE_SIGN_IDENTITY[sdk=iphoneos*]" = "iPhone Developer";
				DEFINES_MODULE = YES;
				DYLIB_COMPATIBILITY_VERSION = 1;
				DYLIB_CURRENT_VERSION = 1;
				DYLIB_INSTALL_NAME_BASE = "@rpath";
				INFOPLIST_FILE = src/Info.plist;
				INSTALL_PATH = "$(LOCAL_LIBRARY_DIR)/Frameworks";
				LD_RUNPATH_SEARCH_PATHS = "$(inherited) @executable_path/Frameworks @loader_path/Frameworks";
				MTL_ENABLE_DEBUG_INFO = NO;
				PRODUCT_MODULE_NAME = JSONLib;
				PRODUCT_NAME = JSONLib;
				SDKROOT = iphoneos;
				SKIP_INSTALL = YES;
				TARGETED_DEVICE_FAMILY = "1,2";
				VALIDATE_PRODUCT = YES;
			};
			name = Release;
		};
		7D1E3641199478A600856119 /* Debug */ = {
			isa = XCBuildConfiguration;
			buildSettings = {
				FRAMEWORK_SEARCH_PATHS = (
					"$(SDKROOT)/Developer/Library/Frameworks",
					"$(inherited)",
				);
				GCC_PREPROCESSOR_DEFINITIONS = (
					"DEBUG=1",
					"$(inherited)",
				);
				INFOPLIST_FILE = tests/Info.plist;
				IPHONEOS_DEPLOYMENT_TARGET = 8.0;
				LD_RUNPATH_SEARCH_PATHS = "$(inherited) @executable_path/Frameworks @loader_path/Frameworks";
				MTL_ENABLE_DEBUG_INFO = YES;
				PRODUCT_NAME = "$(TARGET_NAME)";
				SDKROOT = iphoneos;
			};
			name = Debug;
		};
		7D1E3642199478A600856119 /* Release */ = {
			isa = XCBuildConfiguration;
			buildSettings = {
				FRAMEWORK_SEARCH_PATHS = (
					"$(SDKROOT)/Developer/Library/Frameworks",
					"$(inherited)",
				);
				INFOPLIST_FILE = tests/Info.plist;
				IPHONEOS_DEPLOYMENT_TARGET = 8.0;
				LD_RUNPATH_SEARCH_PATHS = "$(inherited) @executable_path/Frameworks @loader_path/Frameworks";
				MTL_ENABLE_DEBUG_INFO = NO;
				PRODUCT_NAME = "$(TARGET_NAME)";
				SDKROOT = iphoneos;
				VALIDATE_PRODUCT = YES;
			};
			name = Release;
		};
		7D7BD7D6195418CC00AC2E4E /* Debug */ = {
			isa = XCBuildConfiguration;
			buildSettings = {
				ALWAYS_SEARCH_USER_PATHS = NO;
				CLANG_CXX_LANGUAGE_STANDARD = "gnu++0x";
				CLANG_CXX_LIBRARY = "libc++";
				CLANG_ENABLE_MODULES = YES;
				CLANG_ENABLE_OBJC_ARC = YES;
				CLANG_WARN_BOOL_CONVERSION = YES;
				CLANG_WARN_CONSTANT_CONVERSION = YES;
				CLANG_WARN_DIRECT_OBJC_ISA_USAGE = YES_ERROR;
				CLANG_WARN_EMPTY_BODY = YES;
				CLANG_WARN_ENUM_CONVERSION = YES;
				CLANG_WARN_INT_CONVERSION = YES;
				CLANG_WARN_OBJC_ROOT_CLASS = YES_ERROR;
				CLANG_WARN_UNREACHABLE_CODE = YES;
				CLANG_WARN__DUPLICATE_METHOD_MATCH = YES;
				COPY_PHASE_STRIP = NO;
				CURRENT_PROJECT_VERSION = 1;
				ENABLE_STRICT_OBJC_MSGSEND = YES;
				GCC_C_LANGUAGE_STANDARD = gnu99;
				GCC_DYNAMIC_NO_PIC = NO;
				GCC_OPTIMIZATION_LEVEL = 0;
				GCC_PREPROCESSOR_DEFINITIONS = (
					"DEBUG=1",
					"$(inherited)",
				);
				GCC_SYMBOLS_PRIVATE_EXTERN = NO;
				GCC_WARN_64_TO_32_BIT_CONVERSION = YES;
				GCC_WARN_ABOUT_RETURN_TYPE = YES_ERROR;
				GCC_WARN_UNDECLARED_SELECTOR = YES;
				GCC_WARN_UNINITIALIZED_AUTOS = YES_AGGRESSIVE;
				GCC_WARN_UNUSED_FUNCTION = YES;
				GCC_WARN_UNUSED_VARIABLE = YES;
				IPHONEOS_DEPLOYMENT_TARGET = 7.0;
				MACOSX_DEPLOYMENT_TARGET = 10.10;
				METAL_ENABLE_DEBUG_INFO = YES;
				ONLY_ACTIVE_ARCH = YES;
				SDKROOT = macosx;
				SWIFT_OPTIMIZATION_LEVEL = "-Onone";
				VERSIONING_SYSTEM = "apple-generic";
				VERSION_INFO_PREFIX = "";
			};
			name = Debug;
		};
		7D7BD7D7195418CC00AC2E4E /* Release */ = {
			isa = XCBuildConfiguration;
			buildSettings = {
				ALWAYS_SEARCH_USER_PATHS = NO;
				CLANG_CXX_LANGUAGE_STANDARD = "gnu++0x";
				CLANG_CXX_LIBRARY = "libc++";
				CLANG_ENABLE_MODULES = YES;
				CLANG_ENABLE_OBJC_ARC = YES;
				CLANG_WARN_BOOL_CONVERSION = YES;
				CLANG_WARN_CONSTANT_CONVERSION = YES;
				CLANG_WARN_DIRECT_OBJC_ISA_USAGE = YES_ERROR;
				CLANG_WARN_EMPTY_BODY = YES;
				CLANG_WARN_ENUM_CONVERSION = YES;
				CLANG_WARN_INT_CONVERSION = YES;
				CLANG_WARN_OBJC_ROOT_CLASS = YES_ERROR;
				CLANG_WARN_UNREACHABLE_CODE = YES;
				CLANG_WARN__DUPLICATE_METHOD_MATCH = YES;
				COPY_PHASE_STRIP = YES;
				CURRENT_PROJECT_VERSION = 1;
				DEBUG_INFORMATION_FORMAT = "dwarf-with-dsym";
				ENABLE_NS_ASSERTIONS = NO;
				ENABLE_STRICT_OBJC_MSGSEND = YES;
				GCC_C_LANGUAGE_STANDARD = gnu99;
				GCC_WARN_64_TO_32_BIT_CONVERSION = YES;
				GCC_WARN_ABOUT_RETURN_TYPE = YES_ERROR;
				GCC_WARN_UNDECLARED_SELECTOR = YES;
				GCC_WARN_UNINITIALIZED_AUTOS = YES_AGGRESSIVE;
				GCC_WARN_UNUSED_FUNCTION = YES;
				GCC_WARN_UNUSED_VARIABLE = YES;
				IPHONEOS_DEPLOYMENT_TARGET = 7.0;
				MACOSX_DEPLOYMENT_TARGET = 10.10;
				METAL_ENABLE_DEBUG_INFO = NO;
				SDKROOT = macosx;
				VERSIONING_SYSTEM = "apple-generic";
				VERSION_INFO_PREFIX = "";
			};
			name = Release;
		};
		7D7BD7D9195418CC00AC2E4E /* Debug */ = {
			isa = XCBuildConfiguration;
			buildSettings = {
				CLANG_ENABLE_MODULES = YES;
				COMBINE_HIDPI_IMAGES = YES;
				DEFINES_MODULE = YES;
				DYLIB_COMPATIBILITY_VERSION = 1;
				DYLIB_CURRENT_VERSION = 1;
				DYLIB_INSTALL_NAME_BASE = "@rpath";
				FRAMEWORK_VERSION = A;
				INFOPLIST_FILE = src/Info.plist;
				INSTALL_PATH = "$(LOCAL_LIBRARY_DIR)/Frameworks";
				LD_RUNPATH_SEARCH_PATHS = "$(inherited) @executable_path/../Frameworks @loader_path/../Frameworks";
				MACOSX_DEPLOYMENT_TARGET = 10.10;
				PRODUCT_NAME = JSONLib;
				SKIP_INSTALL = YES;
				SWIFT_OPTIMIZATION_LEVEL = "-Onone";
			};
			name = Debug;
		};
		7D7BD7DA195418CC00AC2E4E /* Release */ = {
			isa = XCBuildConfiguration;
			buildSettings = {
				CLANG_ENABLE_MODULES = YES;
				COMBINE_HIDPI_IMAGES = YES;
				DEFINES_MODULE = YES;
				DYLIB_COMPATIBILITY_VERSION = 1;
				DYLIB_CURRENT_VERSION = 1;
				DYLIB_INSTALL_NAME_BASE = "@rpath";
				FRAMEWORK_VERSION = A;
				INFOPLIST_FILE = src/Info.plist;
				INSTALL_PATH = "$(LOCAL_LIBRARY_DIR)/Frameworks";
				LD_RUNPATH_SEARCH_PATHS = "$(inherited) @executable_path/../Frameworks @loader_path/../Frameworks";
				MACOSX_DEPLOYMENT_TARGET = 10.10;
				PRODUCT_NAME = JSONLib;
				SKIP_INSTALL = YES;
			};
			name = Release;
		};
		7D7BD7DC195418CC00AC2E4E /* Debug */ = {
			isa = XCBuildConfiguration;
			buildSettings = {
				COMBINE_HIDPI_IMAGES = YES;
				FRAMEWORK_SEARCH_PATHS = (
					"$(DEVELOPER_FRAMEWORKS_DIR)",
					"$(inherited)",
				);
				GCC_PREPROCESSOR_DEFINITIONS = (
					"DEBUG=1",
					"$(inherited)",
				);
				INFOPLIST_FILE = tests/Info.plist;
				LD_RUNPATH_SEARCH_PATHS = "$(inherited) @executable_path/../Frameworks @loader_path/../Frameworks";
				METAL_ENABLE_DEBUG_INFO = YES;
				PRODUCT_NAME = "$(TARGET_NAME)";
			};
			name = Debug;
		};
		7D7BD7DD195418CC00AC2E4E /* Release */ = {
			isa = XCBuildConfiguration;
			buildSettings = {
				COMBINE_HIDPI_IMAGES = YES;
				FRAMEWORK_SEARCH_PATHS = (
					"$(DEVELOPER_FRAMEWORKS_DIR)",
					"$(inherited)",
				);
				INFOPLIST_FILE = tests/Info.plist;
				LD_RUNPATH_SEARCH_PATHS = "$(inherited) @executable_path/../Frameworks @loader_path/../Frameworks";
				METAL_ENABLE_DEBUG_INFO = NO;
				PRODUCT_NAME = "$(TARGET_NAME)";
			};
			name = Release;
		};
/* End XCBuildConfiguration section */

/* Begin XCConfigurationList section */
		7D1E3643199478A600856119 /* Build configuration list for PBXNativeTarget "JSON-iOS" */ = {
			isa = XCConfigurationList;
			buildConfigurations = (
				7D1E363F199478A600856119 /* Debug */,
				7D1E3640199478A600856119 /* Release */,
			);
			defaultConfigurationIsVisible = 0;
			defaultConfigurationName = Release;
		};
		7D1E3644199478A600856119 /* Build configuration list for PBXNativeTarget "JSON-iOSTests" */ = {
			isa = XCConfigurationList;
			buildConfigurations = (
				7D1E3641199478A600856119 /* Debug */,
				7D1E3642199478A600856119 /* Release */,
			);
			defaultConfigurationIsVisible = 0;
			defaultConfigurationName = Release;
		};
		7D7BD7BC195418CB00AC2E4E /* Build configuration list for PBXProject "JSON" */ = {
			isa = XCConfigurationList;
			buildConfigurations = (
				7D7BD7D6195418CC00AC2E4E /* Debug */,
				7D7BD7D7195418CC00AC2E4E /* Release */,
			);
			defaultConfigurationIsVisible = 0;
			defaultConfigurationName = Release;
		};
		7D7BD7D8195418CC00AC2E4E /* Build configuration list for PBXNativeTarget "JSON-OSX" */ = {
			isa = XCConfigurationList;
			buildConfigurations = (
				7D7BD7D9195418CC00AC2E4E /* Debug */,
				7D7BD7DA195418CC00AC2E4E /* Release */,
			);
			defaultConfigurationIsVisible = 0;
			defaultConfigurationName = Release;
		};
		7D7BD7DB195418CC00AC2E4E /* Build configuration list for PBXNativeTarget "JSON-OSXTests" */ = {
			isa = XCConfigurationList;
			buildConfigurations = (
				7D7BD7DC195418CC00AC2E4E /* Debug */,
				7D7BD7DD195418CC00AC2E4E /* Release */,
			);
			defaultConfigurationIsVisible = 0;
			defaultConfigurationName = Release;
		};
/* End XCConfigurationList section */
	};
	rootObject = 7D7BD7B9195418CB00AC2E4E /* Project object */;
}
