// !$*UTF8*$!
{
	archiveVersion = 1;
	classes = {
	};
	objectVersion = 46;
	objects = {

/* Begin PBXBuildFile section */
		7D7BD7C8195418CB00AC2E4E /* JSON.h in Headers */ = {isa = PBXBuildFile; fileRef = 7D7BD7C7195418CB00AC2E4E /* JSON.h */; settings = {ATTRIBUTES = (Public, ); }; };
		7D7BD7CE195418CC00AC2E4E /* JSON.framework in Frameworks */ = {isa = PBXBuildFile; fileRef = 7D7BD7C2195418CB00AC2E4E /* JSON.framework */; };
		7D7BD7D5195418CC00AC2E4E /* JSONTests.swift in Sources */ = {isa = PBXBuildFile; fileRef = 7D7BD7D4195418CC00AC2E4E /* JSONTests.swift */; };
		7D7BD7E119541A2800AC2E4E /* JSON.swift in Sources */ = {isa = PBXBuildFile; fileRef = 7D7BD7E019541A2800AC2E4E /* JSON.swift */; };
/* End PBXBuildFile section */

/* Begin PBXContainerItemProxy section */
		7D7BD7CF195418CC00AC2E4E /* PBXContainerItemProxy */ = {
			isa = PBXContainerItemProxy;
			containerPortal = 7D7BD7B9195418CB00AC2E4E /* Project object */;
			proxyType = 1;
			remoteGlobalIDString = 7D7BD7C1195418CB00AC2E4E;
			remoteInfo = JSON;
		};
		7DCA6F851955776800F3ABEA /* PBXContainerItemProxy */ = {
			isa = PBXContainerItemProxy;
			containerPortal = 7D7BD7B9195418CB00AC2E4E /* Project object */;
			proxyType = 1;
			remoteGlobalIDString = 7D7BD7C1195418CB00AC2E4E;
			remoteInfo = JSON;
		};
/* End PBXContainerItemProxy section */

/* Begin PBXFileReference section */
		7D7BD7C2195418CB00AC2E4E /* JSON.framework */ = {isa = PBXFileReference; explicitFileType = wrapper.framework; includeInIndex = 0; path = JSON.framework; sourceTree = BUILT_PRODUCTS_DIR; };
		7D7BD7C6195418CB00AC2E4E /* Info.plist */ = {isa = PBXFileReference; lastKnownFileType = text.plist.xml; path = Info.plist; sourceTree = "<group>"; };
		7D7BD7C7195418CB00AC2E4E /* JSON.h */ = {isa = PBXFileReference; lastKnownFileType = sourcecode.c.h; path = JSON.h; sourceTree = "<group>"; };
		7D7BD7CD195418CC00AC2E4E /* JSONTests.xctest */ = {isa = PBXFileReference; explicitFileType = wrapper.cfbundle; includeInIndex = 0; path = JSONTests.xctest; sourceTree = BUILT_PRODUCTS_DIR; };
		7D7BD7D3195418CC00AC2E4E /* Info.plist */ = {isa = PBXFileReference; lastKnownFileType = text.plist.xml; path = Info.plist; sourceTree = "<group>"; };
		7D7BD7D4195418CC00AC2E4E /* JSONTests.swift */ = {isa = PBXFileReference; lastKnownFileType = sourcecode.swift; path = JSONTests.swift; sourceTree = "<group>"; };
		7D7BD7DE195418EE00AC2E4E /* Readme.md */ = {isa = PBXFileReference; fileEncoding = 4; lastKnownFileType = net.daringfireball.markdown; path = Readme.md; sourceTree = "<group>"; };
		7D7BD7E019541A2800AC2E4E /* JSON.swift */ = {isa = PBXFileReference; fileEncoding = 4; lastKnownFileType = sourcecode.swift; path = JSON.swift; sourceTree = "<group>"; };
/* End PBXFileReference section */

/* Begin PBXFrameworksBuildPhase section */
		7D7BD7BE195418CB00AC2E4E /* Frameworks */ = {
			isa = PBXFrameworksBuildPhase;
			buildActionMask = 2147483647;
			files = (
			);
			runOnlyForDeploymentPostprocessing = 0;
		};
		7D7BD7CA195418CC00AC2E4E /* Frameworks */ = {
			isa = PBXFrameworksBuildPhase;
			buildActionMask = 2147483647;
			files = (
				7D7BD7CE195418CC00AC2E4E /* JSON.framework in Frameworks */,
			);
			runOnlyForDeploymentPostprocessing = 0;
		};
/* End PBXFrameworksBuildPhase section */

/* Begin PBXGroup section */
		7D7BD7B8195418CB00AC2E4E = {
			isa = PBXGroup;
			children = (
				7D7BD7C4195418CB00AC2E4E /* JSON */,
				7D7BD7D1195418CC00AC2E4E /* JSONTests */,
				7D7BD7C3195418CB00AC2E4E /* Products */,
			);
			sourceTree = "<group>";
		};
		7D7BD7C3195418CB00AC2E4E /* Products */ = {
			isa = PBXGroup;
			children = (
				7D7BD7C2195418CB00AC2E4E /* JSON.framework */,
				7D7BD7CD195418CC00AC2E4E /* JSONTests.xctest */,
			);
			name = Products;
			sourceTree = "<group>";
		};
		7D7BD7C4195418CB00AC2E4E /* JSON */ = {
			isa = PBXGroup;
			children = (
				7D7BD7C7195418CB00AC2E4E /* JSON.h */,
				7D7BD7C5195418CB00AC2E4E /* Supporting Files */,
				7D7BD7DE195418EE00AC2E4E /* Readme.md */,
				7D7BD7E019541A2800AC2E4E /* JSON.swift */,
			);
			path = JSON;
			sourceTree = "<group>";
		};
		7D7BD7C5195418CB00AC2E4E /* Supporting Files */ = {
			isa = PBXGroup;
			children = (
				7D7BD7C6195418CB00AC2E4E /* Info.plist */,
			);
			name = "Supporting Files";
			sourceTree = "<group>";
		};
		7D7BD7D1195418CC00AC2E4E /* JSONTests */ = {
			isa = PBXGroup;
			children = (
				7D7BD7D4195418CC00AC2E4E /* JSONTests.swift */,
				7D7BD7D2195418CC00AC2E4E /* Supporting Files */,
			);
			path = JSONTests;
			sourceTree = "<group>";
		};
		7D7BD7D2195418CC00AC2E4E /* Supporting Files */ = {
			isa = PBXGroup;
			children = (
				7D7BD7D3195418CC00AC2E4E /* Info.plist */,
			);
			name = "Supporting Files";
			sourceTree = "<group>";
		};
/* End PBXGroup section */

/* Begin PBXHeadersBuildPhase section */
		7D7BD7BF195418CB00AC2E4E /* Headers */ = {
			isa = PBXHeadersBuildPhase;
			buildActionMask = 2147483647;
			files = (
				7D7BD7C8195418CB00AC2E4E /* JSON.h in Headers */,
			);
			runOnlyForDeploymentPostprocessing = 0;
		};
/* End PBXHeadersBuildPhase section */

/* Begin PBXNativeTarget section */
		7D7BD7C1195418CB00AC2E4E /* JSON */ = {
			isa = PBXNativeTarget;
			buildConfigurationList = 7D7BD7D8195418CC00AC2E4E /* Build configuration list for PBXNativeTarget "JSON" */;
			buildPhases = (
				7D7BD7BD195418CB00AC2E4E /* Sources */,
				7D7BD7BE195418CB00AC2E4E /* Frameworks */,
				7D7BD7BF195418CB00AC2E4E /* Headers */,
				7D7BD7C0195418CB00AC2E4E /* Resources */,
			);
			buildRules = (
			);
			dependencies = (
			);
			name = JSON;
			productName = JSON;
			productReference = 7D7BD7C2195418CB00AC2E4E /* JSON.framework */;
			productType = "com.apple.product-type.framework";
		};
		7D7BD7CC195418CC00AC2E4E /* JSONTests */ = {
			isa = PBXNativeTarget;
			buildConfigurationList = 7D7BD7DB195418CC00AC2E4E /* Build configuration list for PBXNativeTarget "JSONTests" */;
			buildPhases = (
				7D7BD7C9195418CC00AC2E4E /* Sources */,
				7D7BD7CA195418CC00AC2E4E /* Frameworks */,
				7D7BD7CB195418CC00AC2E4E /* Resources */,
			);
			buildRules = (
			);
			dependencies = (
				7D7BD7D0195418CC00AC2E4E /* PBXTargetDependency */,
				7DCA6F861955776800F3ABEA /* PBXTargetDependency */,
			);
			name = JSONTests;
			productName = JSONTests;
			productReference = 7D7BD7CD195418CC00AC2E4E /* JSONTests.xctest */;
			productType = "com.apple.product-type.bundle.unit-test";
		};
/* End PBXNativeTarget section */

/* Begin PBXProject section */
		7D7BD7B9195418CB00AC2E4E /* Project object */ = {
			isa = PBXProject;
			attributes = {
				LastUpgradeCheck = 0600;
				ORGANIZATIONNAME = "Kiad Software";
				TargetAttributes = {
					7D7BD7C1195418CB00AC2E4E = {
						CreatedOnToolsVersion = 6.0;
					};
					7D7BD7CC195418CC00AC2E4E = {
						CreatedOnToolsVersion = 6.0;
						TestTargetID = 7D7BD7C1195418CB00AC2E4E;
					};
				};
			};
			buildConfigurationList = 7D7BD7BC195418CB00AC2E4E /* Build configuration list for PBXProject "JSON" */;
			compatibilityVersion = "Xcode 3.2";
			developmentRegion = English;
			hasScannedForEncodings = 0;
			knownRegions = (
				en,
			);
			mainGroup = 7D7BD7B8195418CB00AC2E4E;
			productRefGroup = 7D7BD7C3195418CB00AC2E4E /* Products */;
			projectDirPath = "";
			projectRoot = "";
			targets = (
				7D7BD7C1195418CB00AC2E4E /* JSON */,
				7D7BD7CC195418CC00AC2E4E /* JSONTests */,
			);
		};
/* End PBXProject section */

/* Begin PBXResourcesBuildPhase section */
		7D7BD7C0195418CB00AC2E4E /* Resources */ = {
			isa = PBXResourcesBuildPhase;
			buildActionMask = 2147483647;
			files = (
			);
			runOnlyForDeploymentPostprocessing = 0;
		};
		7D7BD7CB195418CC00AC2E4E /* Resources */ = {
			isa = PBXResourcesBuildPhase;
			buildActionMask = 2147483647;
			files = (
			);
			runOnlyForDeploymentPostprocessing = 0;
		};
/* End PBXResourcesBuildPhase section */

/* Begin PBXSourcesBuildPhase section */
		7D7BD7BD195418CB00AC2E4E /* Sources */ = {
			isa = PBXSourcesBuildPhase;
			buildActionMask = 2147483647;
			files = (
				7D7BD7E119541A2800AC2E4E /* JSON.swift in Sources */,
			);
			runOnlyForDeploymentPostprocessing = 0;
		};
		7D7BD7C9195418CC00AC2E4E /* Sources */ = {
			isa = PBXSourcesBuildPhase;
			buildActionMask = 2147483647;
			files = (
				7D7BD7D5195418CC00AC2E4E /* JSONTests.swift in Sources */,
			);
			runOnlyForDeploymentPostprocessing = 0;
		};
/* End PBXSourcesBuildPhase section */

/* Begin PBXTargetDependency section */
		7D7BD7D0195418CC00AC2E4E /* PBXTargetDependency */ = {
			isa = PBXTargetDependency;
			target = 7D7BD7C1195418CB00AC2E4E /* JSON */;
			targetProxy = 7D7BD7CF195418CC00AC2E4E /* PBXContainerItemProxy */;
		};
		7DCA6F861955776800F3ABEA /* PBXTargetDependency */ = {
			isa = PBXTargetDependency;
			target = 7D7BD7C1195418CB00AC2E4E /* JSON */;
			targetProxy = 7DCA6F851955776800F3ABEA /* PBXContainerItemProxy */;
		};
/* End PBXTargetDependency section */

/* Begin XCBuildConfiguration section */
		7D7BD7D6195418CC00AC2E4E /* Debug */ = {
			isa = XCBuildConfiguration;
			buildSettings = {
				ALWAYS_SEARCH_USER_PATHS = NO;
				CLANG_CXX_LANGUAGE_STANDARD = "gnu++0x";
				CLANG_CXX_LIBRARY = "libc++";
				CLANG_ENABLE_MODULES = YES;
				CLANG_ENABLE_OBJC_ARC = YES;
				CLANG_WARN_BOOL_CONVERSION = YES;
				CLANG_WARN_CONSTANT_CONVERSION = YES;
				CLANG_WARN_DIRECT_OBJC_ISA_USAGE = YES_ERROR;
				CLANG_WARN_EMPTY_BODY = YES;
				CLANG_WARN_ENUM_CONVERSION = YES;
				CLANG_WARN_INT_CONVERSION = YES;
				CLANG_WARN_OBJC_ROOT_CLASS = YES_ERROR;
				CLANG_WARN_UNREACHABLE_CODE = YES;
				CLANG_WARN__DUPLICATE_METHOD_MATCH = YES;
				COPY_PHASE_STRIP = NO;
				CURRENT_PROJECT_VERSION = 1;
				ENABLE_STRICT_OBJC_MSGSEND = YES;
				GCC_C_LANGUAGE_STANDARD = gnu99;
				GCC_DYNAMIC_NO_PIC = NO;
				GCC_OPTIMIZATION_LEVEL = 0;
				GCC_PREPROCESSOR_DEFINITIONS = (
					"DEBUG=1",
					"$(inherited)",
				);
				GCC_SYMBOLS_PRIVATE_EXTERN = NO;
				GCC_WARN_64_TO_32_BIT_CONVERSION = YES;
				GCC_WARN_ABOUT_RETURN_TYPE = YES_ERROR;
				GCC_WARN_UNDECLARED_SELECTOR = YES;
				GCC_WARN_UNINITIALIZED_AUTOS = YES_AGGRESSIVE;
				GCC_WARN_UNUSED_FUNCTION = YES;
				GCC_WARN_UNUSED_VARIABLE = YES;
				MACOSX_DEPLOYMENT_TARGET = 10.10;
				METAL_ENABLE_DEBUG_INFO = YES;
				ONLY_ACTIVE_ARCH = YES;
				SDKROOT = macosx;
				SWIFT_OPTIMIZATION_LEVEL = "-Onone";
				VERSIONING_SYSTEM = "apple-generic";
				VERSION_INFO_PREFIX = "";
			};
			name = Debug;
		};
		7D7BD7D7195418CC00AC2E4E /* Release */ = {
			isa = XCBuildConfiguration;
			buildSettings = {
				ALWAYS_SEARCH_USER_PATHS = NO;
				CLANG_CXX_LANGUAGE_STANDARD = "gnu++0x";
				CLANG_CXX_LIBRARY = "libc++";
				CLANG_ENABLE_MODULES = YES;
				CLANG_ENABLE_OBJC_ARC = YES;
				CLANG_WARN_BOOL_CONVERSION = YES;
				CLANG_WARN_CONSTANT_CONVERSION = YES;
				CLANG_WARN_DIRECT_OBJC_ISA_USAGE = YES_ERROR;
				CLANG_WARN_EMPTY_BODY = YES;
				CLANG_WARN_ENUM_CONVERSION = YES;
				CLANG_WARN_INT_CONVERSION = YES;
				CLANG_WARN_OBJC_ROOT_CLASS = YES_ERROR;
				CLANG_WARN_UNREACHABLE_CODE = YES;
				CLANG_WARN__DUPLICATE_METHOD_MATCH = YES;
				COPY_PHASE_STRIP = YES;
				CURRENT_PROJECT_VERSION = 1;
				DEBUG_INFORMATION_FORMAT = "dwarf-with-dsym";
				ENABLE_NS_ASSERTIONS = NO;
				ENABLE_STRICT_OBJC_MSGSEND = YES;
				GCC_C_LANGUAGE_STANDARD = gnu99;
				GCC_WARN_64_TO_32_BIT_CONVERSION = YES;
				GCC_WARN_ABOUT_RETURN_TYPE = YES_ERROR;
				GCC_WARN_UNDECLARED_SELECTOR = YES;
				GCC_WARN_UNINITIALIZED_AUTOS = YES_AGGRESSIVE;
				GCC_WARN_UNUSED_FUNCTION = YES;
				GCC_WARN_UNUSED_VARIABLE = YES;
				MACOSX_DEPLOYMENT_TARGET = 10.10;
				METAL_ENABLE_DEBUG_INFO = NO;
				SDKROOT = macosx;
				VERSIONING_SYSTEM = "apple-generic";
				VERSION_INFO_PREFIX = "";
			};
			name = Release;
		};
		7D7BD7D9195418CC00AC2E4E /* Debug */ = {
			isa = XCBuildConfiguration;
			buildSettings = {
				COMBINE_HIDPI_IMAGES = YES;
				DEFINES_MODULE = YES;
				DYLIB_COMPATIBILITY_VERSION = 1;
				DYLIB_CURRENT_VERSION = 1;
				DYLIB_INSTALL_NAME_BASE = "@rpath";
				FRAMEWORK_VERSION = A;
				INFOPLIST_FILE = JSON/Info.plist;
				INSTALL_PATH = "$(LOCAL_LIBRARY_DIR)/Frameworks";
				LD_RUNPATH_SEARCH_PATHS = "$(inherited) @executable_path/../Frameworks @loader_path/../Frameworks";
				PRODUCT_NAME = "$(TARGET_NAME)";
				SKIP_INSTALL = YES;
			};
			name = Debug;
		};
		7D7BD7DA195418CC00AC2E4E /* Release */ = {
			isa = XCBuildConfiguration;
			buildSettings = {
				COMBINE_HIDPI_IMAGES = YES;
				DEFINES_MODULE = YES;
				DYLIB_COMPATIBILITY_VERSION = 1;
				DYLIB_CURRENT_VERSION = 1;
				DYLIB_INSTALL_NAME_BASE = "@rpath";
				FRAMEWORK_VERSION = A;
				INFOPLIST_FILE = JSON/Info.plist;
				INSTALL_PATH = "$(LOCAL_LIBRARY_DIR)/Frameworks";
				LD_RUNPATH_SEARCH_PATHS = "$(inherited) @executable_path/../Frameworks @loader_path/../Frameworks";
				PRODUCT_NAME = "$(TARGET_NAME)";
				SKIP_INSTALL = YES;
			};
			name = Release;
		};
		7D7BD7DC195418CC00AC2E4E /* Debug */ = {
			isa = XCBuildConfiguration;
			buildSettings = {
				COMBINE_HIDPI_IMAGES = YES;
				FRAMEWORK_SEARCH_PATHS = (
					"$(DEVELOPER_FRAMEWORKS_DIR)",
					"$(inherited)",
				);
				GCC_PREPROCESSOR_DEFINITIONS = (
					"DEBUG=1",
					"$(inherited)",
				);
				INFOPLIST_FILE = JSONTests/Info.plist;
				LD_RUNPATH_SEARCH_PATHS = "$(inherited) @executable_path/../Frameworks @loader_path/../Frameworks";
				METAL_ENABLE_DEBUG_INFO = YES;
				PRODUCT_NAME = "$(TARGET_NAME)";
			};
			name = Debug;
		};
		7D7BD7DD195418CC00AC2E4E /* Release */ = {
			isa = XCBuildConfiguration;
			buildSettings = {
				COMBINE_HIDPI_IMAGES = YES;
				FRAMEWORK_SEARCH_PATHS = (
					"$(DEVELOPER_FRAMEWORKS_DIR)",
					"$(inherited)",
				);
				INFOPLIST_FILE = JSONTests/Info.plist;
				LD_RUNPATH_SEARCH_PATHS = "$(inherited) @executable_path/../Frameworks @loader_path/../Frameworks";
				METAL_ENABLE_DEBUG_INFO = NO;
				PRODUCT_NAME = "$(TARGET_NAME)";
			};
			name = Release;
		};
/* End XCBuildConfiguration section */

/* Begin XCConfigurationList section */
		7D7BD7BC195418CB00AC2E4E /* Build configuration list for PBXProject "JSON" */ = {
			isa = XCConfigurationList;
			buildConfigurations = (
				7D7BD7D6195418CC00AC2E4E /* Debug */,
				7D7BD7D7195418CC00AC2E4E /* Release */,
			);
			defaultConfigurationIsVisible = 0;
			defaultConfigurationName = Release;
		};
		7D7BD7D8195418CC00AC2E4E /* Build configuration list for PBXNativeTarget "JSON" */ = {
			isa = XCConfigurationList;
			buildConfigurations = (
				7D7BD7D9195418CC00AC2E4E /* Debug */,
				7D7BD7DA195418CC00AC2E4E /* Release */,
			);
			defaultConfigurationIsVisible = 0;
			defaultConfigurationName = Release;
		};
		7D7BD7DB195418CC00AC2E4E /* Build configuration list for PBXNativeTarget "JSONTests" */ = {
			isa = XCConfigurationList;
			buildConfigurations = (
				7D7BD7DC195418CC00AC2E4E /* Debug */,
				7D7BD7DD195418CC00AC2E4E /* Release */,
			);
			defaultConfigurationIsVisible = 0;
			defaultConfigurationName = Release;
		};
/* End XCConfigurationList section */
	};
	rootObject = 7D7BD7B9195418CB00AC2E4E /* Project object */;
}
